
Microsoft Visual Studio Solution File, Format Version 12.00
# Visual Studio Version 17
VisualStudioVersion = 17.0.31903.59
MinimumVisualStudioVersion = 10.0.40219.1
Project("{F2A71F9B-5D33-465A-A702-920D77279786}") = "AdventOfCode2022", "AdventOfCode2022\AdventOfCode2022.fsproj", "{87E8D62E-62E1-4807-9D38-CF0EF143D200}"
EndProject
Project("{F2A71F9B-5D33-465A-A702-920D77279786}") = "AdventOfCode2022.Test", "AdventOfCode2022.Test\AdventOfCode2022.Test.fsproj", "{BC0C45F7-0C89-44A6-9877-F2E6039119DF}"
EndProject
Global
	GlobalSection(SolutionConfigurationPlatforms) = preSolution
		Debug|Any CPU = Debug|Any CPU
		Release|Any CPU = Release|Any CPU
	EndGlobalSection
	GlobalSection(SolutionProperties) = preSolution
		HideSolutionNode = FALSE
	EndGlobalSection
	GlobalSection(ProjectConfigurationPlatforms) = postSolution
		{87E8D62E-62E1-4807-9D38-CF0EF143D200}.Debug|Any CPU.ActiveCfg = Debug|Any CPU
		{87E8D62E-62E1-4807-9D38-CF0EF143D200}.Debug|Any CPU.Build.0 = Debug|Any CPU
		{87E8D62E-62E1-4807-9D38-CF0EF143D200}.Release|Any CPU.ActiveCfg = Release|Any CPU
		{87E8D62E-62E1-4807-9D38-CF0EF143D200}.Release|Any CPU.Build.0 = Release|Any CPU
		{BC0C45F7-0C89-44A6-9877-F2E6039119DF}.Debug|Any CPU.ActiveCfg = Debug|Any CPU
		{BC0C45F7-0C89-44A6-9877-F2E6039119DF}.Debug|Any CPU.Build.0 = Debug|Any CPU
		{BC0C45F7-0C89-44A6-9877-F2E6039119DF}.Release|Any CPU.ActiveCfg = Release|Any CPU
		{BC0C45F7-0C89-44A6-9877-F2E6039119DF}.Release|Any CPU.Build.0 = Release|Any CPU
	EndGlobalSection
EndGlobal
